// !$*UTF8*$!
{
	archiveVersion = 1;
	classes = {
	};
	objectVersion = 51;
	objects = {

/* Begin PBXBuildFile section */
		13307096C1F063AEA6F3AD51 /* Pods_LibrariesLicensesExample.framework in Frameworks */ = {isa = PBXBuildFile; fileRef = 663320A38719E95B15D786C3 /* Pods_LibrariesLicensesExample.framework */; };
		C2EF0895230D7570006534B0 /* AppDelegate.swift in Sources */ = {isa = PBXBuildFile; fileRef = C2EF0894230D7570006534B0 /* AppDelegate.swift */; };
		C2EF0897230D7570006534B0 /* ViewController.swift in Sources */ = {isa = PBXBuildFile; fileRef = C2EF0896230D7570006534B0 /* ViewController.swift */; };
		C2EF089A230D7570006534B0 /* Main.storyboard in Resources */ = {isa = PBXBuildFile; fileRef = C2EF0898230D7570006534B0 /* Main.storyboard */; };
		C2EF089C230D7570006534B0 /* Assets.xcassets in Resources */ = {isa = PBXBuildFile; fileRef = C2EF089B230D7570006534B0 /* Assets.xcassets */; };
		C2EF089F230D7570006534B0 /* LaunchScreen.storyboard in Resources */ = {isa = PBXBuildFile; fileRef = C2EF089D230D7570006534B0 /* LaunchScreen.storyboard */; };
		C2EF08A8230D78FA006534B0 /* Settings.bundle in Resources */ = {isa = PBXBuildFile; fileRef = C2EF08A7230D78FA006534B0 /* Settings.bundle */; };
/* End PBXBuildFile section */

/* Begin PBXFileReference section */
		663320A38719E95B15D786C3 /* Pods_LibrariesLicensesExample.framework */ = {isa = PBXFileReference; explicitFileType = wrapper.framework; includeInIndex = 0; path = Pods_LibrariesLicensesExample.framework; sourceTree = BUILT_PRODUCTS_DIR; };
		6CD1FB618A9A9876DB9BA561 /* Pods-LibrariesLicensesExample.debug.xcconfig */ = {isa = PBXFileReference; includeInIndex = 1; lastKnownFileType = text.xcconfig; name = "Pods-LibrariesLicensesExample.debug.xcconfig"; path = "Target Support Files/Pods-LibrariesLicensesExample/Pods-LibrariesLicensesExample.debug.xcconfig"; sourceTree = "<group>"; };
		B134B2AA807438FCBEF9302A /* Pods-LibrariesLicensesExample.release.xcconfig */ = {isa = PBXFileReference; includeInIndex = 1; lastKnownFileType = text.xcconfig; name = "Pods-LibrariesLicensesExample.release.xcconfig"; path = "Target Support Files/Pods-LibrariesLicensesExample/Pods-LibrariesLicensesExample.release.xcconfig"; sourceTree = "<group>"; };
		C2EF0891230D7570006534B0 /* LibrariesLicensesExample.app */ = {isa = PBXFileReference; explicitFileType = wrapper.application; includeInIndex = 0; path = LibrariesLicensesExample.app; sourceTree = BUILT_PRODUCTS_DIR; };
		C2EF0894230D7570006534B0 /* AppDelegate.swift */ = {isa = PBXFileReference; lastKnownFileType = sourcecode.swift; path = AppDelegate.swift; sourceTree = "<group>"; };
		C2EF0896230D7570006534B0 /* ViewController.swift */ = {isa = PBXFileReference; lastKnownFileType = sourcecode.swift; path = ViewController.swift; sourceTree = "<group>"; };
		C2EF0899230D7570006534B0 /* Base */ = {isa = PBXFileReference; lastKnownFileType = file.storyboard; name = Base; path = Base.lproj/Main.storyboard; sourceTree = "<group>"; };
		C2EF089B230D7570006534B0 /* Assets.xcassets */ = {isa = PBXFileReference; lastKnownFileType = folder.assetcatalog; path = Assets.xcassets; sourceTree = "<group>"; };
		C2EF089E230D7570006534B0 /* Base */ = {isa = PBXFileReference; lastKnownFileType = file.storyboard; name = Base; path = Base.lproj/LaunchScreen.storyboard; sourceTree = "<group>"; };
		C2EF08A0230D7570006534B0 /* Info.plist */ = {isa = PBXFileReference; lastKnownFileType = text.plist.xml; path = Info.plist; sourceTree = "<group>"; };
		C2EF08A7230D78FA006534B0 /* Settings.bundle */ = {isa = PBXFileReference; lastKnownFileType = "wrapper.plug-in"; path = Settings.bundle; sourceTree = "<group>"; };
/* End PBXFileReference section */

/* Begin PBXFrameworksBuildPhase section */
		C2EF088E230D7570006534B0 /* Frameworks */ = {
			isa = PBXFrameworksBuildPhase;
			buildActionMask = 2147483647;
			files = (
				13307096C1F063AEA6F3AD51 /* Pods_LibrariesLicensesExample.framework in Frameworks */,
			);
			runOnlyForDeploymentPostprocessing = 0;
		};
/* End PBXFrameworksBuildPhase section */

/* Begin PBXGroup section */
		550EA9EB388DDA01536321E0 /* Pods */ = {
			isa = PBXGroup;
			children = (
				6CD1FB618A9A9876DB9BA561 /* Pods-LibrariesLicensesExample.debug.xcconfig */,
				B134B2AA807438FCBEF9302A /* Pods-LibrariesLicensesExample.release.xcconfig */,
			);
			path = Pods;
			sourceTree = "<group>";
		};
		C2EF0888230D7570006534B0 = {
			isa = PBXGroup;
			children = (
				C2EF0893230D7570006534B0 /* LibrariesLicensesExample */,
				C2EF08A6230D7865006534B0 /* Resources */,
				C2EF0892230D7570006534B0 /* Products */,
				550EA9EB388DDA01536321E0 /* Pods */,
				DF6E706036B3F7D0B641CB3E /* Frameworks */,
			);
			sourceTree = "<group>";
		};
		C2EF0892230D7570006534B0 /* Products */ = {
			isa = PBXGroup;
			children = (
				C2EF0891230D7570006534B0 /* LibrariesLicensesExample.app */,
			);
			name = Products;
			sourceTree = "<group>";
		};
		C2EF0893230D7570006534B0 /* LibrariesLicensesExample */ = {
			isa = PBXGroup;
			children = (
				C2EF0894230D7570006534B0 /* AppDelegate.swift */,
				C2EF0896230D7570006534B0 /* ViewController.swift */,
				C2EF0898230D7570006534B0 /* Main.storyboard */,
				C2EF089B230D7570006534B0 /* Assets.xcassets */,
				C2EF089D230D7570006534B0 /* LaunchScreen.storyboard */,
				C2EF08A0230D7570006534B0 /* Info.plist */,
			);
			path = LibrariesLicensesExample;
			sourceTree = "<group>";
		};
		C2EF08A6230D7865006534B0 /* Resources */ = {
			isa = PBXGroup;
			children = (
				C2EF08A7230D78FA006534B0 /* Settings.bundle */,
			);
			path = Resources;
			sourceTree = "<group>";
		};
		DF6E706036B3F7D0B641CB3E /* Frameworks */ = {
			isa = PBXGroup;
			children = (
				663320A38719E95B15D786C3 /* Pods_LibrariesLicensesExample.framework */,
			);
			name = Frameworks;
			sourceTree = "<group>";
		};
/* End PBXGroup section */

/* Begin PBXNativeTarget section */
		C2EF0890230D7570006534B0 /* LibrariesLicensesExample */ = {
			isa = PBXNativeTarget;
			buildConfigurationList = C2EF08A3230D7570006534B0 /* Build configuration list for PBXNativeTarget "LibrariesLicensesExample" */;
			buildPhases = (
				C5312DA08C2B00B63B7AF8B1 /* [CP] Check Pods Manifest.lock */,
				C2EF088D230D7570006534B0 /* Sources */,
				C2EF088E230D7570006534B0 /* Frameworks */,
				C2EF088F230D7570006534B0 /* Resources */,
				0FA245D48270D82E60D5C2BF /* [CP] Embed Pods Frameworks */,
			);
			buildRules = (
			);
			dependencies = (
			);
			name = LibrariesLicensesExample;
			productName = LibrariesLicensesExample;
			productReference = C2EF0891230D7570006534B0 /* LibrariesLicensesExample.app */;
			productType = "com.apple.product-type.application";
		};
/* End PBXNativeTarget section */

/* Begin PBXProject section */
		C2EF0889230D7570006534B0 /* Project object */ = {
			isa = PBXProject;
			attributes = {
				LastSwiftUpdateCheck = 1030;
				LastUpgradeCheck = 1030;
				ORGANIZATIONNAME = "John Codeos";
				TargetAttributes = {
					C2EF0890230D7570006534B0 = {
						CreatedOnToolsVersion = 10.3;
					};
				};
			};
			buildConfigurationList = C2EF088C230D7570006534B0 /* Build configuration list for PBXProject "LibrariesLicensesExample" */;
			compatibilityVersion = "Xcode 9.3";
			developmentRegion = en;
			hasScannedForEncodings = 0;
			knownRegions = (
				en,
				Base,
			);
			mainGroup = C2EF0888230D7570006534B0;
			productRefGroup = C2EF0892230D7570006534B0 /* Products */;
			projectDirPath = "";
			projectRoot = "";
			targets = (
				C2EF0890230D7570006534B0 /* LibrariesLicensesExample */,
			);
		};
/* End PBXProject section */

/* Begin PBXResourcesBuildPhase section */
		C2EF088F230D7570006534B0 /* Resources */ = {
			isa = PBXResourcesBuildPhase;
			buildActionMask = 2147483647;
			files = (
				C2EF08A8230D78FA006534B0 /* Settings.bundle in Resources */,
				C2EF089F230D7570006534B0 /* LaunchScreen.storyboard in Resources */,
				C2EF089C230D7570006534B0 /* Assets.xcassets in Resources */,
				C2EF089A230D7570006534B0 /* Main.storyboard in Resources */,
			);
			runOnlyForDeploymentPostprocessing = 0;
		};
/* End PBXResourcesBuildPhase section */

/* Begin PBXShellScriptBuildPhase section */
		0FA245D48270D82E60D5C2BF /* [CP] Embed Pods Frameworks */ = {
			isa = PBXShellScriptBuildPhase;
			buildActionMask = 2147483647;
			files = (
			);
			inputFileListPaths = (
				"${PODS_ROOT}/Target Support Files/Pods-LibrariesLicensesExample/Pods-LibrariesLicensesExample-frameworks-${CONFIGURATION}-input-files.xcfilelist",
			);
			name = "[CP] Embed Pods Frameworks";
			outputFileListPaths = (
				"${PODS_ROOT}/Target Support Files/Pods-LibrariesLicensesExample/Pods-LibrariesLicensesExample-frameworks-${CONFIGURATION}-output-files.xcfilelist",
			);
			runOnlyForDeploymentPostprocessing = 0;
			shellPath = /bin/sh;
			shellScript = "\"${PODS_ROOT}/Target Support Files/Pods-LibrariesLicensesExample/Pods-LibrariesLicensesExample-frameworks.sh\"\n";
			showEnvVarsInLog = 0;
		};
		C5312DA08C2B00B63B7AF8B1 /* [CP] Check Pods Manifest.lock */ = {
			isa = PBXShellScriptBuildPhase;
			buildActionMask = 2147483647;
			files = (
			);
			inputFileListPaths = (
			);
			inputPaths = (
				"${PODS_PODFILE_DIR_PATH}/Podfile.lock",
				"${PODS_ROOT}/Manifest.lock",
			);
			name = "[CP] Check Pods Manifest.lock";
			outputFileListPaths = (
			);
			outputPaths = (
				"$(DERIVED_FILE_DIR)/Pods-LibrariesLicensesExample-checkManifestLockResult.txt",
			);
			runOnlyForDeploymentPostprocessing = 0;
			shellPath = /bin/sh;
			shellScript = "diff \"${PODS_PODFILE_DIR_PATH}/Podfile.lock\" \"${PODS_ROOT}/Manifest.lock\" > /dev/null\nif [ $? != 0 ] ; then\n    # print error to STDERR\n    echo \"error: The sandbox is not in sync with the Podfile.lock. Run 'pod install' or update your CocoaPods installation.\" >&2\n    exit 1\nfi\n# This output is used by Xcode 'outputs' to avoid re-running this script phase.\necho \"SUCCESS\" > \"${SCRIPT_OUTPUT_FILE_0}\"\n";
			showEnvVarsInLog = 0;
		};
/* End PBXShellScriptBuildPhase section */

/* Begin PBXSourcesBuildPhase section */
		C2EF088D230D7570006534B0 /* Sources */ = {
			isa = PBXSourcesBuildPhase;
			buildActionMask = 2147483647;
			files = (
				C2EF0897230D7570006534B0 /* ViewController.swift in Sources */,
				C2EF0895230D7570006534B0 /* AppDelegate.swift in Sources */,
			);
			runOnlyForDeploymentPostprocessing = 0;
		};
/* End PBXSourcesBuildPhase section */

/* Begin PBXVariantGroup section */
		C2EF0898230D7570006534B0 /* Main.storyboard */ = {
			isa = PBXVariantGroup;
			children = (
				C2EF0899230D7570006534B0 /* Base */,
			);
			name = Main.storyboard;
			sourceTree = "<group>";
		};
		C2EF089D230D7570006534B0 /* LaunchScreen.storyboard */ = {
			isa = PBXVariantGroup;
			children = (
				C2EF089E230D7570006534B0 /* Base */,
			);
			name = LaunchScreen.storyboard;
			sourceTree = "<group>";
		};
/* End PBXVariantGroup section */

/* Begin XCBuildConfiguration section */
		C2EF08A1230D7570006534B0 /* Debug */ = {
			isa = XCBuildConfiguration;
			buildSettings = {
				ALWAYS_SEARCH_USER_PATHS = NO;
				CLANG_ANALYZER_NONNULL = YES;
				CLANG_ANALYZER_NUMBER_OBJECT_CONVERSION = YES_AGGRESSIVE;
				CLANG_CXX_LANGUAGE_STANDARD = "gnu++14";
				CLANG_CXX_LIBRARY = "libc++";
				CLANG_ENABLE_MODULES = YES;
				CLANG_ENABLE_OBJC_ARC = YES;
				CLANG_ENABLE_OBJC_WEAK = YES;
				CLANG_WARN_BLOCK_CAPTURE_AUTORELEASING = YES;
				CLANG_WARN_BOOL_CONVERSION = YES;
				CLANG_WARN_COMMA = YES;
				CLANG_WARN_CONSTANT_CONVERSION = YES;
				CLANG_WARN_DEPRECATED_OBJC_IMPLEMENTATIONS = YES;
				CLANG_WARN_DIRECT_OBJC_ISA_USAGE = YES_ERROR;
				CLANG_WARN_DOCUMENTATION_COMMENTS = YES;
				CLANG_WARN_EMPTY_BODY = YES;
				CLANG_WARN_ENUM_CONVERSION = YES;
				CLANG_WARN_INFINITE_RECURSION = YES;
				CLANG_WARN_INT_CONVERSION = YES;
				CLANG_WARN_NON_LITERAL_NULL_CONVERSION = YES;
				CLANG_WARN_OBJC_IMPLICIT_RETAIN_SELF = YES;
				CLANG_WARN_OBJC_LITERAL_CONVERSION = YES;
				CLANG_WARN_OBJC_ROOT_CLASS = YES_ERROR;
				CLANG_WARN_RANGE_LOOP_ANALYSIS = YES;
				CLANG_WARN_STRICT_PROTOTYPES = YES;
				CLANG_WARN_SUSPICIOUS_MOVE = YES;
				CLANG_WARN_UNGUARDED_AVAILABILITY = YES_AGGRESSIVE;
				CLANG_WARN_UNREACHABLE_CODE = YES;
				CLANG_WARN__DUPLICATE_METHOD_MATCH = YES;
				CODE_SIGN_IDENTITY = "iPhone Developer";
				COPY_PHASE_STRIP = NO;
				DEBUG_INFORMATION_FORMAT = dwarf;
				ENABLE_STRICT_OBJC_MSGSEND = YES;
				ENABLE_TESTABILITY = YES;
				GCC_C_LANGUAGE_STANDARD = gnu11;
				GCC_DYNAMIC_NO_PIC = NO;
				GCC_NO_COMMON_BLOCKS = YES;
				GCC_OPTIMIZATION_LEVEL = 0;
				GCC_PREPROCESSOR_DEFINITIONS = (
					"DEBUG=1",
					"$(inherited)",
				);
				GCC_WARN_64_TO_32_BIT_CONVERSION = YES;
				GCC_WARN_ABOUT_RETURN_TYPE = YES_ERROR;
				GCC_WARN_UNDECLARED_SELECTOR = YES;
				GCC_WARN_UNINITIALIZED_AUTOS = YES_AGGRESSIVE;
				GCC_WARN_UNUSED_FUNCTION = YES;
				GCC_WARN_UNUSED_VARIABLE = YES;
				IPHONEOS_DEPLOYMENT_TARGET = 12.4;
				MTL_ENABLE_DEBUG_INFO = INCLUDE_SOURCE;
				MTL_FAST_MATH = YES;
				ONLY_ACTIVE_ARCH = YES;
				SDKROOT = iphoneos;
				SWIFT_ACTIVE_COMPILATION_CONDITIONS = DEBUG;
				SWIFT_OPTIMIZATION_LEVEL = "-Onone";
			};
			name = Debug;
		};
		C2EF08A2230D7570006534B0 /* Release */ = {
			isa = XCBuildConfiguration;
			buildSettings = {
				ALWAYS_SEARCH_USER_PATHS = NO;
				CLANG_ANALYZER_NONNULL = YES;
				CLANG_ANALYZER_NUMBER_OBJECT_CONVERSION = YES_AGGRESSIVE;
				CLANG_CXX_LANGUAGE_STANDARD = "gnu++14";
				CLANG_CXX_LIBRARY = "libc++";
				CLANG_ENABLE_MODULES = YES;
				CLANG_ENABLE_OBJC_ARC = YES;
				CLANG_ENABLE_OBJC_WEAK = YES;
				CLANG_WARN_BLOCK_CAPTURE_AUTORELEASING = YES;
				CLANG_WARN_BOOL_CONVERSION = YES;
				CLANG_WARN_COMMA = YES;
				CLANG_WARN_CONSTANT_CONVERSION = YES;
				CLANG_WARN_DEPRECATED_OBJC_IMPLEMENTATIONS = YES;
				CLANG_WARN_DIRECT_OBJC_ISA_USAGE = YES_ERROR;
				CLANG_WARN_DOCUMENTATION_COMMENTS = YES;
				CLANG_WARN_EMPTY_BODY = YES;
				CLANG_WARN_ENUM_CONVERSION = YES;
				CLANG_WARN_INFINITE_RECURSION = YES;
				CLANG_WARN_INT_CONVERSION = YES;
				CLANG_WARN_NON_LITERAL_NULL_CONVERSION = YES;
				CLANG_WARN_OBJC_IMPLICIT_RETAIN_SELF = YES;
				CLANG_WARN_OBJC_LITERAL_CONVERSION = YES;
				CLANG_WARN_OBJC_ROOT_CLASS = YES_ERROR;
				CLANG_WARN_RANGE_LOOP_ANALYSIS = YES;
				CLANG_WARN_STRICT_PROTOTYPES = YES;
				CLANG_WARN_SUSPICIOUS_MOVE = YES;
				CLANG_WARN_UNGUARDED_AVAILABILITY = YES_AGGRESSIVE;
				CLANG_WARN_UNREACHABLE_CODE = YES;
				CLANG_WARN__DUPLICATE_METHOD_MATCH = YES;
				CODE_SIGN_IDENTITY = "iPhone Developer";
				COPY_PHASE_STRIP = NO;
				DEBUG_INFORMATION_FORMAT = "dwarf-with-dsym";
				ENABLE_NS_ASSERTIONS = NO;
				ENABLE_STRICT_OBJC_MSGSEND = YES;
				GCC_C_LANGUAGE_STANDARD = gnu11;
				GCC_NO_COMMON_BLOCKS = YES;
				GCC_WARN_64_TO_32_BIT_CONVERSION = YES;
				GCC_WARN_ABOUT_RETURN_TYPE = YES_ERROR;
				GCC_WARN_UNDECLARED_SELECTOR = YES;
				GCC_WARN_UNINITIALIZED_AUTOS = YES_AGGRESSIVE;
				GCC_WARN_UNUSED_FUNCTION = YES;
				GCC_WARN_UNUSED_VARIABLE = YES;
				IPHONEOS_DEPLOYMENT_TARGET = 12.4;
				MTL_ENABLE_DEBUG_INFO = NO;
				MTL_FAST_MATH = YES;
				SDKROOT = iphoneos;
				SWIFT_COMPILATION_MODE = wholemodule;
				SWIFT_OPTIMIZATION_LEVEL = "-O";
				VALIDATE_PRODUCT = YES;
			};
			name = Release;
		};
		C2EF08A4230D7570006534B0 /* Debug */ = {
			isa = XCBuildConfiguration;
			baseConfigurationReference = 6CD1FB618A9A9876DB9BA561 /* Pods-LibrariesLicensesExample.debug.xcconfig */;
			buildSettings = {
				ASSETCATALOG_COMPILER_APPICON_NAME = AppIcon;
				CODE_SIGN_STYLE = Automatic;
				DEVELOPMENT_TEAM = 6P8Q9Q6J62;
				INFOPLIST_FILE = LibrariesLicensesExample/Info.plist;
				LD_RUNPATH_SEARCH_PATHS = (
					"$(inherited)",
					"@executable_path/Frameworks",
				);
				PRODUCT_BUNDLE_IDENTIFIER = com.johncodeos.LibrariesLicensesExample;
				PRODUCT_NAME = "$(TARGET_NAME)";
				SWIFT_VERSION = 5.0;
				TARGETED_DEVICE_FAMILY = "1,2";
			};
			name = Debug;
		};
		C2EF08A5230D7570006534B0 /* Release */ = {
			isa = XCBuildConfiguration;
			baseConfigurationReference = B134B2AA807438FCBEF9302A /* Pods-LibrariesLicensesExample.release.xcconfig */;
			buildSettings = {
				ASSETCATALOG_COMPILER_APPICON_NAME = AppIcon;
				CODE_SIGN_STYLE = Automatic;
				DEVELOPMENT_TEAM = 6P8Q9Q6J62;
				INFOPLIST_FILE = LibrariesLicensesExample/Info.plist;
				LD_RUNPATH_SEARCH_PATHS = (
					"$(inherited)",
					"@executable_path/Frameworks",
				);
				PRODUCT_BUNDLE_IDENTIFIER = com.johncodeos.LibrariesLicensesExample;
				PRODUCT_NAME = "$(TARGET_NAME)";
				SWIFT_VERSION = 5.0;
				TARGETED_DEVICE_FAMILY = "1,2";
			};
			name = Release;
		};
/* End XCBuildConfiguration section */

/* Begin XCConfigurationList section */
		C2EF088C230D7570006534B0 /* Build configuration list for PBXProject "LibrariesLicensesExample" */ = {
			isa = XCConfigurationList;
			buildConfigurations = (
				C2EF08A1230D7570006534B0 /* Debug */,
				C2EF08A2230D7570006534B0 /* Release */,
			);
			defaultConfigurationIsVisible = 0;
			defaultConfigurationName = Release;
		};
		C2EF08A3230D7570006534B0 /* Build configuration list for PBXNativeTarget "LibrariesLicensesExample" */ = {
			isa = XCConfigurationList;
			buildConfigurations = (
				C2EF08A4230D7570006534B0 /* Debug */,
				C2EF08A5230D7570006534B0 /* Release */,
			);
			defaultConfigurationIsVisible = 0;
			defaultConfigurationName = Release;
		};
/* End XCConfigurationList section */
	};
	rootObject = C2EF0889230D7570006534B0 /* Project object */;
}
